
Microsoft Visual Studio Solution File, Format Version 12.00
# Visual Studio Version 17
VisualStudioVersion = 17.10.35027.167
MinimumVisualStudioVersion = 10.0.40219.1
Project("{FAE04EC0-301F-11D3-BF4B-00C04F79EFBC}") = "ChoosingGadgets.UWP", "ChoosingGadgets.UWP\ChoosingGadgets.UWP.csproj", "{E0F87F01-1820-4845-A1D2-556CF6278179}"
EndProject
Project("{FAE04EC0-301F-11D3-BF4B-00C04F79EFBC}") = "ChoosingGadgets.Android", "ChoosingGadgets.Android\ChoosingGadgets.Android.csproj", "{7BB36733-99D1-4122-90EC-4890934EC9F4}"
EndProject
Project("{FAE04EC0-301F-11D3-BF4B-00C04F79EFBC}") = "ChoosingGadgets.iOS", "ChoosingGadgets.iOS\ChoosingGadgets.iOS.csproj", "{B3E3AE18-9C0C-4D85-B39F-BD29E678D890}"
EndProject
Project("{FAE04EC0-301F-11D3-BF4B-00C04F79EFBC}") = "ChoosingGadgets", "ChoosingGadgets\ChoosingGadgets.csproj", "{ECCAF03F-5A82-43C3-B890-A395E6177C43}"
EndProject
Global
	GlobalSection(SolutionConfigurationPlatforms) = preSolution
		Debug|Any CPU = Debug|Any CPU
		Debug|ARM = Debug|ARM
		Debug|iPhone = Debug|iPhone
		Debug|iPhoneSimulator = Debug|iPhoneSimulator
		Debug|x64 = Debug|x64
		Debug|x86 = Debug|x86
		Release|Any CPU = Release|Any CPU
		Release|ARM = Release|ARM
		Release|iPhone = Release|iPhone
		Release|iPhoneSimulator = Release|iPhoneSimulator
		Release|x64 = Release|x64
		Release|x86 = Release|x86
	EndGlobalSection
	GlobalSection(ProjectConfigurationPlatforms) = postSolution
		{E0F87F01-1820-4845-A1D2-556CF6278179}.Debug|Any CPU.ActiveCfg = Debug|x64
		{E0F87F01-1820-4845-A1D2-556CF6278179}.Debug|Any CPU.Build.0 = Debug|x64
		{E0F87F01-1820-4845-A1D2-556CF6278179}.Debug|Any CPU.Deploy.0 = Debug|x64
		{E0F87F01-1820-4845-A1D2-556CF6278179}.Debug|ARM.ActiveCfg = Debug|ARM
		{E0F87F01-1820-4845-A1D2-556CF6278179}.Debug|ARM.Build.0 = Debug|ARM
		{E0F87F01-1820-4845-A1D2-556CF6278179}.Debug|ARM.Deploy.0 = Debug|ARM
		{E0F87F01-1820-4845-A1D2-556CF6278179}.Debug|iPhone.ActiveCfg = Debug|x64
		{E0F87F01-1820-4845-A1D2-556CF6278179}.Debug|iPhone.Build.0 = Debug|x64
		{E0F87F01-1820-4845-A1D2-556CF6278179}.Debug|iPhone.Deploy.0 = Debug|x64
		{E0F87F01-1820-4845-A1D2-556CF6278179}.Debug|iPhoneSimulator.ActiveCfg = Debug|x64
		{E0F87F01-1820-4845-A1D2-556CF6278179}.Debug|iPhoneSimulator.Build.0 = Debug|x64
		{E0F87F01-1820-4845-A1D2-556CF6278179}.Debug|iPhoneSimulator.Deploy.0 = Debug|x64
		{E0F87F01-1820-4845-A1D2-556CF6278179}.Debug|x64.ActiveCfg = Debug|x64
		{E0F87F01-1820-4845-A1D2-556CF6278179}.Debug|x64.Build.0 = Debug|x64
		{E0F87F01-1820-4845-A1D2-556CF6278179}.Debug|x64.Deploy.0 = Debug|x64
		{E0F87F01-1820-4845-A1D2-556CF6278179}.Debug|x86.ActiveCfg = Debug|x86
		{E0F87F01-1820-4845-A1D2-556CF6278179}.Debug|x86.Build.0 = Debug|x86
		{E0F87F01-1820-4845-A1D2-556CF6278179}.Debug|x86.Deploy.0 = Debug|x86
		{E0F87F01-1820-4845-A1D2-556CF6278179}.Release|Any CPU.ActiveCfg = Release|x64
		{E0F87F01-1820-4845-A1D2-556CF6278179}.Release|Any CPU.Build.0 = Release|x64
		{E0F87F01-1820-4845-A1D2-556CF6278179}.Release|Any CPU.Deploy.0 = Release|x64
		{E0F87F01-1820-4845-A1D2-556CF6278179}.Release|ARM.ActiveCfg = Release|ARM
		{E0F87F01-1820-4845-A1D2-556CF6278179}.Release|ARM.Build.0 = Release|ARM
		{E0F87F01-1820-4845-A1D2-556CF6278179}.Release|ARM.Deploy.0 = Release|ARM
		{E0F87F01-1820-4845-A1D2-556CF6278179}.Release|iPhone.ActiveCfg = Release|x64
		{E0F87F01-1820-4845-A1D2-556CF6278179}.Release|iPhone.Build.0 = Release|x64
		{E0F87F01-1820-4845-A1D2-556CF6278179}.Release|iPhone.Deploy.0 = Release|x64
		{E0F87F01-1820-4845-A1D2-556CF6278179}.Release|iPhoneSimulator.ActiveCfg = Release|x64
		{E0F87F01-1820-4845-A1D2-556CF6278179}.Release|iPhoneSimulator.Build.0 = Release|x64
		{E0F87F01-1820-4845-A1D2-556CF6278179}.Release|iPhoneSimulator.Deploy.0 = Release|x64
		{E0F87F01-1820-4845-A1D2-556CF6278179}.Release|x64.ActiveCfg = Release|x64
		{E0F87F01-1820-4845-A1D2-556CF6278179}.Release|x64.Build.0 = Release|x64
		{E0F87F01-1820-4845-A1D2-556CF6278179}.Release|x64.Deploy.0 = Release|x64
		{E0F87F01-1820-4845-A1D2-556CF6278179}.Release|x86.ActiveCfg = Release|x86
		{E0F87F01-1820-4845-A1D2-556CF6278179}.Release|x86.Build.0 = Release|x86
		{E0F87F01-1820-4845-A1D2-556CF6278179}.Release|x86.Deploy.0 = Release|x86
		{7BB36733-99D1-4122-90EC-4890934EC9F4}.Debug|Any CPU.ActiveCfg = Debug|Any CPU
		{7BB36733-99D1-4122-90EC-4890934EC9F4}.Debug|Any CPU.Build.0 = Debug|Any CPU
		{7BB36733-99D1-4122-90EC-4890934EC9F4}.Debug|Any CPU.Deploy.0 = Debug|Any CPU
		{7BB36733-99D1-4122-90EC-4890934EC9F4}.Debug|ARM.ActiveCfg = Debug|Any CPU
		{7BB36733-99D1-4122-90EC-4890934EC9F4}.Debug|ARM.Build.0 = Debug|Any CPU
		{7BB36733-99D1-4122-90EC-4890934EC9F4}.Debug|ARM.Deploy.0 = Debug|Any CPU
		{7BB36733-99D1-4122-90EC-4890934EC9F4}.Debug|iPhone.ActiveCfg = Debug|Any CPU
		{7BB36733-99D1-4122-90EC-4890934EC9F4}.Debug|iPhone.Build.0 = Debug|Any CPU
		{7BB36733-99D1-4122-90EC-4890934EC9F4}.Debug|iPhone.Deploy.0 = Debug|Any CPU
		{7BB36733-99D1-4122-90EC-4890934EC9F4}.Debug|iPhoneSimulator.ActiveCfg = Debug|Any CPU
		{7BB36733-99D1-4122-90EC-4890934EC9F4}.Debug|iPhoneSimulator.Build.0 = Debug|Any CPU
		{7BB36733-99D1-4122-90EC-4890934EC9F4}.Debug|iPhoneSimulator.Deploy.0 = Debug|Any CPU
		{7BB36733-99D1-4122-90EC-4890934EC9F4}.Debug|x64.ActiveCfg = Debug|Any CPU
		{7BB36733-99D1-4122-90EC-4890934EC9F4}.Debug|x64.Build.0 = Debug|Any CPU
		{7BB36733-99D1-4122-90EC-4890934EC9F4}.Debug|x64.Deploy.0 = Debug|Any CPU
		{7BB36733-99D1-4122-90EC-4890934EC9F4}.Debug|x86.ActiveCfg = Debug|Any CPU
		{7BB36733-99D1-4122-90EC-4890934EC9F4}.Debug|x86.Build.0 = Debug|Any CPU
		{7BB36733-99D1-4122-90EC-4890934EC9F4}.Debug|x86.Deploy.0 = Debug|Any CPU
		{7BB36733-99D1-4122-90EC-4890934EC9F4}.Release|Any CPU.ActiveCfg = Release|Any CPU
		{7BB36733-99D1-4122-90EC-4890934EC9F4}.Release|Any CPU.Build.0 = Release|Any CPU
		{7BB36733-99D1-4122-90EC-4890934EC9F4}.Release|Any CPU.Deploy.0 = Release|Any CPU
		{7BB36733-99D1-4122-90EC-4890934EC9F4}.Release|ARM.ActiveCfg = Release|Any CPU
		{7BB36733-99D1-4122-90EC-4890934EC9F4}.Release|ARM.Build.0 = Release|Any CPU
		{7BB36733-99D1-4122-90EC-4890934EC9F4}.Release|ARM.Deploy.0 = Release|Any CPU
		{7BB36733-99D1-4122-90EC-4890934EC9F4}.Release|iPhone.ActiveCfg = Release|Any CPU
		{7BB36733-99D1-4122-90EC-4890934EC9F4}.Release|iPhone.Build.0 = Release|Any CPU
		{7BB36733-99D1-4122-90EC-4890934EC9F4}.Release|iPhone.Deploy.0 = Release|Any CPU
		{7BB36733-99D1-4122-90EC-4890934EC9F4}.Release|iPhoneSimulator.ActiveCfg = Release|Any CPU
		{7BB36733-99D1-4122-90EC-4890934EC9F4}.Release|iPhoneSimulator.Build.0 = Release|Any CPU
		{7BB36733-99D1-4122-90EC-4890934EC9F4}.Release|iPhoneSimulator.Deploy.0 = Release|Any CPU
		{7BB36733-99D1-4122-90EC-4890934EC9F4}.Release|x64.ActiveCfg = Release|Any CPU
		{7BB36733-99D1-4122-90EC-4890934EC9F4}.Release|x64.Build.0 = Release|Any CPU
		{7BB36733-99D1-4122-90EC-4890934EC9F4}.Release|x64.Deploy.0 = Release|Any CPU
		{7BB36733-99D1-4122-90EC-4890934EC9F4}.Release|x86.ActiveCfg = Release|Any CPU
		{7BB36733-99D1-4122-90EC-4890934EC9F4}.Release|x86.Build.0 = Release|Any CPU
		{7BB36733-99D1-4122-90EC-4890934EC9F4}.Release|x86.Deploy.0 = Release|Any CPU
		{B3E3AE18-9C0C-4D85-B39F-BD29E678D890}.Debug|Any CPU.ActiveCfg = Debug|iPhoneSimulator
		{B3E3AE18-9C0C-4D85-B39F-BD29E678D890}.Debug|Any CPU.Build.0 = Debug|iPhoneSimulator
		{B3E3AE18-9C0C-4D85-B39F-BD29E678D890}.Debug|Any CPU.Deploy.0 = Debug|iPhoneSimulator
		{B3E3AE18-9C0C-4D85-B39F-BD29E678D890}.Debug|ARM.ActiveCfg = Debug|iPhoneSimulator
		{B3E3AE18-9C0C-4D85-B39F-BD29E678D890}.Debug|ARM.Build.0 = Debug|iPhoneSimulator
		{B3E3AE18-9C0C-4D85-B39F-BD29E678D890}.Debug|ARM.Deploy.0 = Debug|iPhoneSimulator
		{B3E3AE18-9C0C-4D85-B39F-BD29E678D890}.Debug|iPhone.ActiveCfg = Debug|iPhone
		{B3E3AE18-9C0C-4D85-B39F-BD29E678D890}.Debug|iPhone.Build.0 = Debug|iPhone
		{B3E3AE18-9C0C-4D85-B39F-BD29E678D890}.Debug|iPhone.Deploy.0 = Debug|iPhone
		{B3E3AE18-9C0C-4D85-B39F-BD29E678D890}.Debug|iPhoneSimulator.ActiveCfg = Debug|iPhoneSimulator
		{B3E3AE18-9C0C-4D85-B39F-BD29E678D890}.Debug|iPhoneSimulator.Build.0 = Debug|iPhoneSimulator
		{B3E3AE18-9C0C-4D85-B39F-BD29E678D890}.Debug|iPhoneSimulator.Deploy.0 = Debug|iPhoneSimulator
		{B3E3AE18-9C0C-4D85-B39F-BD29E678D890}.Debug|x64.ActiveCfg = Debug|iPhone
		{B3E3AE18-9C0C-4D85-B39F-BD29E678D890}.Debug|x64.Build.0 = Debug|iPhone
		{B3E3AE18-9C0C-4D85-B39F-BD29E678D890}.Debug|x64.Deploy.0 = Debug|iPhone
		{B3E3AE18-9C0C-4D85-B39F-BD29E678D890}.Debug|x86.ActiveCfg = Debug|iPhoneSimulator
		{B3E3AE18-9C0C-4D85-B39F-BD29E678D890}.Debug|x86.Build.0 = Debug|iPhoneSimulator
		{B3E3AE18-9C0C-4D85-B39F-BD29E678D890}.Debug|x86.Deploy.0 = Debug|iPhoneSimulator
		{B3E3AE18-9C0C-4D85-B39F-BD29E678D890}.Release|Any CPU.ActiveCfg = Release|iPhoneSimulator
		{B3E3AE18-9C0C-4D85-B39F-BD29E678D890}.Release|Any CPU.Build.0 = Release|iPhoneSimulator
		{B3E3AE18-9C0C-4D85-B39F-BD29E678D890}.Release|Any CPU.Deploy.0 = Release|iPhoneSimulator
		{B3E3AE18-9C0C-4D85-B39F-BD29E678D890}.Release|ARM.ActiveCfg = Release|iPhoneSimulator
		{B3E3AE18-9C0C-4D85-B39F-BD29E678D890}.Release|ARM.Build.0 = Release|iPhoneSimulator
		{B3E3AE18-9C0C-4D85-B39F-BD29E678D890}.Release|ARM.Deploy.0 = Release|iPhoneSimulator
		{B3E3AE18-9C0C-4D85-B39F-BD29E678D890}.Release|iPhone.ActiveCfg = Release|iPhone
		{B3E3AE18-9C0C-4D85-B39F-BD29E678D890}.Release|iPhone.Build.0 = Release|iPhone
		{B3E3AE18-9C0C-4D85-B39F-BD29E678D890}.Release|iPhone.Deploy.0 = Release|iPhone
		{B3E3AE18-9C0C-4D85-B39F-BD29E678D890}.Release|iPhoneSimulator.ActiveCfg = Release|iPhoneSimulator
		{B3E3AE18-9C0C-4D85-B39F-BD29E678D890}.Release|iPhoneSimulator.Build.0 = Release|iPhoneSimulator
		{B3E3AE18-9C0C-4D85-B39F-BD29E678D890}.Release|iPhoneSimulator.Deploy.0 = Release|iPhoneSimulator
		{B3E3AE18-9C0C-4D85-B39F-BD29E678D890}.Release|x64.ActiveCfg = Release|iPhoneSimulator
		{B3E3AE18-9C0C-4D85-B39F-BD29E678D890}.Release|x64.Build.0 = Release|iPhoneSimulator
		{B3E3AE18-9C0C-4D85-B39F-BD29E678D890}.Release|x64.Deploy.0 = Release|iPhoneSimulator
		{B3E3AE18-9C0C-4D85-B39F-BD29E678D890}.Release|x86.ActiveCfg = Release|iPhoneSimulator
		{B3E3AE18-9C0C-4D85-B39F-BD29E678D890}.Release|x86.Build.0 = Release|iPhoneSimulator
		{B3E3AE18-9C0C-4D85-B39F-BD29E678D890}.Release|x86.Deploy.0 = Release|iPhoneSimulator
		{ECCAF03F-5A82-43C3-B890-A395E6177C43}.Debug|Any CPU.ActiveCfg = Debug|Any CPU
		{ECCAF03F-5A82-43C3-B890-A395E6177C43}.Debug|Any CPU.Build.0 = Debug|Any CPU
		{ECCAF03F-5A82-43C3-B890-A395E6177C43}.Debug|Any CPU.Deploy.0 = Debug|Any CPU
		{ECCAF03F-5A82-43C3-B890-A395E6177C43}.Debug|ARM.ActiveCfg = Debug|Any CPU
		{ECCAF03F-5A82-43C3-B890-A395E6177C43}.Debug|ARM.Build.0 = Debug|Any CPU
		{ECCAF03F-5A82-43C3-B890-A395E6177C43}.Debug|ARM.Deploy.0 = Debug|Any CPU
		{ECCAF03F-5A82-43C3-B890-A395E6177C43}.Debug|iPhone.ActiveCfg = Debug|Any CPU
		{ECCAF03F-5A82-43C3-B890-A395E6177C43}.Debug|iPhone.Build.0 = Debug|Any CPU
		{ECCAF03F-5A82-43C3-B890-A395E6177C43}.Debug|iPhone.Deploy.0 = Debug|Any CPU
		{ECCAF03F-5A82-43C3-B890-A395E6177C43}.Debug|iPhoneSimulator.ActiveCfg = Debug|Any CPU
		{ECCAF03F-5A82-43C3-B890-A395E6177C43}.Debug|iPhoneSimulator.Build.0 = Debug|Any CPU
		{ECCAF03F-5A82-43C3-B890-A395E6177C43}.Debug|iPhoneSimulator.Deploy.0 = Debug|Any CPU
		{ECCAF03F-5A82-43C3-B890-A395E6177C43}.Debug|x64.ActiveCfg = Debug|Any CPU
		{ECCAF03F-5A82-43C3-B890-A395E6177C43}.Debug|x64.Build.0 = Debug|Any CPU
		{ECCAF03F-5A82-43C3-B890-A395E6177C43}.Debug|x64.Deploy.0 = Debug|Any CPU
		{ECCAF03F-5A82-43C3-B890-A395E6177C43}.Debug|x86.ActiveCfg = Debug|Any CPU
		{ECCAF03F-5A82-43C3-B890-A395E6177C43}.Debug|x86.Build.0 = Debug|Any CPU
		{ECCAF03F-5A82-43C3-B890-A395E6177C43}.Debug|x86.Deploy.0 = Debug|Any CPU
		{ECCAF03F-5A82-43C3-B890-A395E6177C43}.Release|Any CPU.ActiveCfg = Release|Any CPU
		{ECCAF03F-5A82-43C3-B890-A395E6177C43}.Release|Any CPU.Build.0 = Release|Any CPU
		{ECCAF03F-5A82-43C3-B890-A395E6177C43}.Release|Any CPU.Deploy.0 = Release|Any CPU
		{ECCAF03F-5A82-43C3-B890-A395E6177C43}.Release|ARM.ActiveCfg = Release|Any CPU
		{ECCAF03F-5A82-43C3-B890-A395E6177C43}.Release|ARM.Build.0 = Release|Any CPU
		{ECCAF03F-5A82-43C3-B890-A395E6177C43}.Release|ARM.Deploy.0 = Release|Any CPU
		{ECCAF03F-5A82-43C3-B890-A395E6177C43}.Release|iPhone.ActiveCfg = Release|Any CPU
		{ECCAF03F-5A82-43C3-B890-A395E6177C43}.Release|iPhone.Build.0 = Release|Any CPU
		{ECCAF03F-5A82-43C3-B890-A395E6177C43}.Release|iPhone.Deploy.0 = Release|Any CPU
		{ECCAF03F-5A82-43C3-B890-A395E6177C43}.Release|iPhoneSimulator.ActiveCfg = Release|Any CPU
		{ECCAF03F-5A82-43C3-B890-A395E6177C43}.Release|iPhoneSimulator.Build.0 = Release|Any CPU
		{ECCAF03F-5A82-43C3-B890-A395E6177C43}.Release|iPhoneSimulator.Deploy.0 = Release|Any CPU
		{ECCAF03F-5A82-43C3-B890-A395E6177C43}.Release|x64.ActiveCfg = Release|Any CPU
		{ECCAF03F-5A82-43C3-B890-A395E6177C43}.Release|x64.Build.0 = Release|Any CPU
		{ECCAF03F-5A82-43C3-B890-A395E6177C43}.Release|x64.Deploy.0 = Release|Any CPU
		{ECCAF03F-5A82-43C3-B890-A395E6177C43}.Release|x86.ActiveCfg = Release|Any CPU
		{ECCAF03F-5A82-43C3-B890-A395E6177C43}.Release|x86.Build.0 = Release|Any CPU
		{ECCAF03F-5A82-43C3-B890-A395E6177C43}.Release|x86.Deploy.0 = Release|Any CPU
	EndGlobalSection
	GlobalSection(SolutionProperties) = preSolution
		HideSolutionNode = FALSE
	EndGlobalSection
	GlobalSection(ExtensibilityGlobals) = postSolution
		SolutionGuid = {B1E4CF8A-59F2-41BB-9B66-9DD591AF3A4A}
	EndGlobalSection
EndGlobal
